github.com/PuerkitoBio/goquery v0.0.0-20170324135448-ed7d758e9a34 h1:UsHpWO0Elp6NaWVARdZHjiYwkhrspHVEGsyIKPb9OI8=
github.com/PuerkitoBio/goquery v0.0.0-20170324135448-ed7d758e9a34/go.mod h1:T9ezsOHcCrDCgA8aF1Cqr3sSYbO/xgdy8/R/XiIMAhA=
github.com/andybalholm/cascadia v0.0.0-20161224141413-349dd0209470 h1:4jHLmof+Hba81591gfH5xYA8QXzuvgksxwPNrmjR2BA=
github.com/andybalholm/cascadia v0.0.0-20161224141413-349dd0209470/go.mod h1:3I+3V7B6gTBYfdpYgIG2ymALS9H+5VDKUl3lHH7ToM4=
github.com/daviddengcn/go-colortext v0.0.0-20161224033900-805cee6e0d43 h1:o7yQ1hPYQLcpj1fb8Y7LkFYZWEmQsNggZmMKwn9v2FI=
github.com/daviddengcn/go-colortext v0.0.0-20161224033900-805cee6e0d43/go.mod h1:dv4zxwHi5C/8AeI+4gX4dCWOIvNi7I6JCSX0HvlKPgE=
github.com/fatih/color v1.4.1 h1:YJhD/SoQqn7ev9zwhIm7lHTAqsOAF2AN4xlAVZzNZnU=
github.com/fatih/color v1.4.1/go.mod h1:Zm6kSWBoL9eyXnKyktHP6abPY2pDugNf5KwzbycvMj4=
github.com/go-sql-driver/mysql v0.0.0-20170428160231-147bd02c2c51 h1:ijzhMz/dbv/a/sffo3o/FEXVtpSCerIkoCcrue+Rnzk=
github.com/go-sql-driver/mysql v0.0.0-20170428160231-147bd02c2c51/go.mod h1:zAC/RDZ24gD3HViQzih4MyKcchzm+sOG5ZlKdlhCg5w=
github.com/gorilla/mux v0.0.0-20170427041250-4c1c3952b7d9 h1:xeifCn4P9r1m8hOqW7s5zch0iC4vHC5kxHYKZhXwK+U=
github.com/gorilla/mux v0.0.0-20170427041250-4c1c3952b7d9/go.mod h1:1lud6UwP+6orDFRuTfBEV8e9/aOM/c4fVVCaMa2zaAs=
github.com/jmoiron/sqlx v0.0.0-20170412181259-3564e3a314b9 h1:p3zWN/KDVYKb/SSBcaCFBYva1T0SGN0vMpqp1l7Dr2o=
github.com/jmoiron/sqlx v0.0.0-20170412181259-3564e3a314b9/go.mod h1:IiEW3SEiiErVyFdH8NTuWjSifiEQKUoyK3LNqr2kCHU=
github.com/lib/pq v0.0.0-20170324204654-2704adc878c2 h1:2imqQk4oITdu2OSQcxO1A/yR6vftxSUI8iCQo8Ra4Jw=
github.com/lib/pq v0.0.0-20170324204654-2704adc878c2/go.mod h1:5WUZQaWbwv1U+lTReE5YruASi9Al49XbQIvNi/34Woo=
github.com/markbates/going v1.0.1 h1:IFDakPS7ROqx1rESYPSZmURUTwI4HWuM5waQIFCUZZQ=
github.com/markbates/going v1.0.1/go.mod h1:I6mnB4BPnEeqo85ynXIx1ZFLLbtiLHNXVgWeFO9OGOA=
github.com/markbates/inflect v0.0.0-20170411191001-6cacb66d1004 h1:gX/bnHGMpaau8GnOQaFAAo6E+L7TJN9eu6JQE+B/Ugc=
github.com/markbates/inflect v0.0.0-20170411191001-6cacb66d1004/go.mod h1:oTeZL2KHA7CUX6X+fovmK9OvIOFuqu0TwdQrZjLTh88=
github.com/markbates/pop v0.0.0-20170421071625-f47576d2cb88 h1:pf1IpHy5x+mIiUgMauYyW8N7AHj1bwzn+4JPTeRWFOo=
github.com/markbates/pop v0.0.0-20170421071625-f47576d2cb88/go.mod h1:YIVs9IC2pKtxfoIdEd5m2eBbi/DHeo1J8P+ZI4Q9HHo=
github.com/markbates/validate v0.0.0-20170428145325-60190e1bd361 h1:tMELhAUWgNNbYEKLg4cYSScno7nclv8lCR1RaaHa5HY=
github.com/markbates/validate v0.0.0-20170428145325-60190e1bd361/go.mod h1:Um20kS5He4vfMjIo8ywA9/Lv1bz9j+GWD1Rf0Xo0Fm4=
github.com/mattn/anko v0.0.0-20170329092203-a3969c636813 h1:/QbR8cNvJGrwE2GxurGuuFtYQjEhs6zdTpPYrSctPtA=
github.com/mattn/anko v0.0.0-20170329092203-a3969c636813/go.mod h1:C5D2zw4NIv/sB2SrQ3qs5wqPw0wKiA2GZqexy4ctNH0=
github.com/mattn/go-colorable v0.0.0-20170327083344-ded68f7a9561 h1:isR/L+BIZ+rqODWYR/f526ygrBMGKZYFhaaFRDGvuZ8=
github.com/mattn/go-colorable v0.0.0-20170327083344-ded68f7a9561/go.mod h1:9vuHe8Xs5qXnSaW/c/ABM9alt+Vo+STaOChaDxuIBZU=
github.com/mattn/go-isatty v0.0.2 h1:F+DnWktyadxnOrohKLNUC9/GjFii5RJgY4GFG6ilggw=
github.com/mattn/go-isatty v0.0.2/go.mod h1:M+lRXTBqGeGNdLjl/ufCoiOlB5xdOkqRJdNxMWT7Zi4=
github.com/mattn/go-sqlite3 v0.0.0-20170407154627-cf7286f069c3 h1:a/pBXmDboAJ2dwrZIDgQAEpeFKCYbrCh6Gz9OtJ9iHo=
github.com/mattn/go-sqlite3 v0.0.0-20170407154627-cf7286f069c3/go.mod h1:FPy6KqzDD04eiIsT53CuJW3U88zkxoIYsOqkbpncsNc=
github.com/pkg/errors v0.0.0-20161029093637-248dadf4e906 h1:aXc/AM323HlkOXjl3QuSO06wbXK45HrzBT+pwVOufXg=
github.com/pkg/errors v0.0.0-20161029093637-248dadf4e906/go.mod h1:bwawxfHBFNV+L2hUp1rHADufV3IMtnDRdf1r5NINEl0=
github.com/robfig/cron v0.0.0-20170309132418-df38d32658d8 h1:b904/jbnmYuSPd5ojGzVTLjKPVTSj3t/e1vEPiPGjEg=
github.com/robfig/cron v0.0.0-20170309132418-df38d32658d8/go.mod h1:JGuDeoQd7Z6yL4zQhZ3OPEVHB7fL6Ka6skscFHfmt2k=
github.com/satori/go.uuid v0.0.0-20170321230731-5bf94b69c6b6 h1:7PFDlUz5/yGp8w21PuZGgEfN7ZF7OXvgAIDjwih82Gs=
github.com/satori/go.uuid v0.0.0-20170321230731-5bf94b69c6b6/go.mod h1:dA0hQrYB0VpLJoorglMZABFdXlWrHn1NEOzdhQKdks0=
github.com/serenize/snaker v0.0.0-20170425222638-1c7f65329f65 h1:LL2oPwdBBm/I5ZQGVm7/GoDXLb1qSAIFpxjGrI5S6nQ=
github.com/serenize/snaker v0.0.0-20170425222638-1c7f65329f65/go.mod h1:Yow6lPLSAXx2ifx470yD/nUe22Dv5vBvxK/UK9UUTVs=
golang.org/x/net v0.0.0-20170424220842-da118f7b8e59 h1:dWv6pBFAtJELEJAhUpNqPydBXP311/HBZOeEve9NlpA=
golang.org/x/net v0.0.0-20170424220842-da118f7b8e59/go.mod h1:mL1N/T3taQHkDXs73rZJwtUhF3w3ftmwwsq0BUmARs4=
golang.org/x/sys v0.0.0-20161012001920-9bb9f0998d48/go.mod h1:STP8DvDyc/dI5b8T5hshtkjS+E42TnysNCUPdjciGhY=
gopkg.in/yaml.v2 v2.0.0-20170407172122-cd8b52f8269e h1:o/mfNjxpTLivuKEfxzzwrJ8PmulH2wEp7t713uMwKAA=
gopkg.in/yaml.v2 v2.0.0-20170407172122-cd8b52f8269e/go.mod h1:JAlM8MvJe8wmxCU4Bli9HhUf9+ttbYbLASfIpnQbh74=
